
Microsoft Visual Studio Solution File, Format Version 12.00
# Visual Studio 14
VisualStudioVersion = 14.0.25420.1
MinimumVisualStudioVersion = 10.0.40219.1
Project("{FAE04EC0-301F-11D3-BF4B-00C04F79EFBC}") = "RoleAndParty.Tests", "XPProject.Tests\RoleAndParty.Tests.csproj", "{76F0BD6A-2FEB-4FED-A4DD-CDEEAE02ADB2}"
EndProject
Project("{FAE04EC0-301F-11D3-BF4B-00C04F79EFBC}") = "RoleAndParty", "RoleAndParty\RoleAndParty.csproj", "{2BC3C023-3A2A-422B-98CD-EC24BCDB8947}"
EndProject
Project("{FAE04EC0-301F-11D3-BF4B-00C04F79EFBC}") = "Logic", "Logic\Logic.csproj", "{30E502EA-8871-4932-84F7-8B30B490D62F}"
EndProject
Project("{FAE04EC0-301F-11D3-BF4B-00C04F79EFBC}") = "Data", "Data\Data.csproj", "{433E3311-9B3D-48DD-97D2-220DD9BA7993}"
EndProject
Project("{FAE04EC0-301F-11D3-BF4B-00C04F79EFBC}") = "Aids", "Aids\Aids.csproj", "{B4620D17-CAA0-4F62-AD02-812B7254F6AE}"
EndProject
Project("{FAE04EC0-301F-11D3-BF4B-00C04F79EFBC}") = "Archetypes", "Archetypes\Archetypes.csproj", "{EE23228F-DC50-4C25-BBC3-5C11D8E29C32}"
EndProject
Project("{FAE04EC0-301F-11D3-BF4B-00C04F79EFBC}") = "Tests", "Tests\Tests.csproj", "{1339F9E9-C749-44DB-A5B1-17041AC0E7B6}"
EndProject
Global
	GlobalSection(SolutionConfigurationPlatforms) = preSolution
		Debug|Any CPU = Debug|Any CPU
		Debug|ARM = Debug|ARM
		Debug|x64 = Debug|x64
		Debug|x86 = Debug|x86
		Release|Any CPU = Release|Any CPU
		Release|ARM = Release|ARM
		Release|x64 = Release|x64
		Release|x86 = Release|x86
	EndGlobalSection
	GlobalSection(ProjectConfigurationPlatforms) = postSolution
		{76F0BD6A-2FEB-4FED-A4DD-CDEEAE02ADB2}.Debug|Any CPU.ActiveCfg = Debug|Any CPU
		{76F0BD6A-2FEB-4FED-A4DD-CDEEAE02ADB2}.Debug|Any CPU.Build.0 = Debug|Any CPU
		{76F0BD6A-2FEB-4FED-A4DD-CDEEAE02ADB2}.Debug|ARM.ActiveCfg = Debug|Any CPU
		{76F0BD6A-2FEB-4FED-A4DD-CDEEAE02ADB2}.Debug|ARM.Build.0 = Debug|Any CPU
		{76F0BD6A-2FEB-4FED-A4DD-CDEEAE02ADB2}.Debug|x64.ActiveCfg = Debug|Any CPU
		{76F0BD6A-2FEB-4FED-A4DD-CDEEAE02ADB2}.Debug|x64.Build.0 = Debug|Any CPU
		{76F0BD6A-2FEB-4FED-A4DD-CDEEAE02ADB2}.Debug|x86.ActiveCfg = Debug|Any CPU
		{76F0BD6A-2FEB-4FED-A4DD-CDEEAE02ADB2}.Debug|x86.Build.0 = Debug|Any CPU
		{76F0BD6A-2FEB-4FED-A4DD-CDEEAE02ADB2}.Release|Any CPU.ActiveCfg = Release|Any CPU
		{76F0BD6A-2FEB-4FED-A4DD-CDEEAE02ADB2}.Release|Any CPU.Build.0 = Release|Any CPU
		{76F0BD6A-2FEB-4FED-A4DD-CDEEAE02ADB2}.Release|ARM.ActiveCfg = Release|Any CPU
		{76F0BD6A-2FEB-4FED-A4DD-CDEEAE02ADB2}.Release|ARM.Build.0 = Release|Any CPU
		{76F0BD6A-2FEB-4FED-A4DD-CDEEAE02ADB2}.Release|x64.ActiveCfg = Release|Any CPU
		{76F0BD6A-2FEB-4FED-A4DD-CDEEAE02ADB2}.Release|x64.Build.0 = Release|Any CPU
		{76F0BD6A-2FEB-4FED-A4DD-CDEEAE02ADB2}.Release|x86.ActiveCfg = Release|Any CPU
		{76F0BD6A-2FEB-4FED-A4DD-CDEEAE02ADB2}.Release|x86.Build.0 = Release|Any CPU
		{2BC3C023-3A2A-422B-98CD-EC24BCDB8947}.Debug|Any CPU.ActiveCfg = Debug|Any CPU
		{2BC3C023-3A2A-422B-98CD-EC24BCDB8947}.Debug|Any CPU.Build.0 = Debug|Any CPU
		{2BC3C023-3A2A-422B-98CD-EC24BCDB8947}.Debug|ARM.ActiveCfg = Debug|Any CPU
		{2BC3C023-3A2A-422B-98CD-EC24BCDB8947}.Debug|ARM.Build.0 = Debug|Any CPU
		{2BC3C023-3A2A-422B-98CD-EC24BCDB8947}.Debug|x64.ActiveCfg = Debug|Any CPU
		{2BC3C023-3A2A-422B-98CD-EC24BCDB8947}.Debug|x64.Build.0 = Debug|Any CPU
		{2BC3C023-3A2A-422B-98CD-EC24BCDB8947}.Debug|x86.ActiveCfg = Debug|Any CPU
		{2BC3C023-3A2A-422B-98CD-EC24BCDB8947}.Debug|x86.Build.0 = Debug|Any CPU
		{2BC3C023-3A2A-422B-98CD-EC24BCDB8947}.Release|Any CPU.ActiveCfg = Release|Any CPU
		{2BC3C023-3A2A-422B-98CD-EC24BCDB8947}.Release|Any CPU.Build.0 = Release|Any CPU
		{2BC3C023-3A2A-422B-98CD-EC24BCDB8947}.Release|ARM.ActiveCfg = Release|Any CPU
		{2BC3C023-3A2A-422B-98CD-EC24BCDB8947}.Release|ARM.Build.0 = Release|Any CPU
		{2BC3C023-3A2A-422B-98CD-EC24BCDB8947}.Release|x64.ActiveCfg = Release|Any CPU
		{2BC3C023-3A2A-422B-98CD-EC24BCDB8947}.Release|x64.Build.0 = Release|Any CPU
		{2BC3C023-3A2A-422B-98CD-EC24BCDB8947}.Release|x86.ActiveCfg = Release|Any CPU
		{2BC3C023-3A2A-422B-98CD-EC24BCDB8947}.Release|x86.Build.0 = Release|Any CPU
		{30E502EA-8871-4932-84F7-8B30B490D62F}.Debug|Any CPU.ActiveCfg = Debug|Any CPU
		{30E502EA-8871-4932-84F7-8B30B490D62F}.Debug|Any CPU.Build.0 = Debug|Any CPU
		{30E502EA-8871-4932-84F7-8B30B490D62F}.Debug|ARM.ActiveCfg = Debug|ARM
		{30E502EA-8871-4932-84F7-8B30B490D62F}.Debug|ARM.Build.0 = Debug|ARM
		{30E502EA-8871-4932-84F7-8B30B490D62F}.Debug|x64.ActiveCfg = Debug|x64
		{30E502EA-8871-4932-84F7-8B30B490D62F}.Debug|x64.Build.0 = Debug|x64
		{30E502EA-8871-4932-84F7-8B30B490D62F}.Debug|x86.ActiveCfg = Debug|x86
		{30E502EA-8871-4932-84F7-8B30B490D62F}.Debug|x86.Build.0 = Debug|x86
		{30E502EA-8871-4932-84F7-8B30B490D62F}.Release|Any CPU.ActiveCfg = Release|Any CPU
		{30E502EA-8871-4932-84F7-8B30B490D62F}.Release|Any CPU.Build.0 = Release|Any CPU
		{30E502EA-8871-4932-84F7-8B30B490D62F}.Release|ARM.ActiveCfg = Release|ARM
		{30E502EA-8871-4932-84F7-8B30B490D62F}.Release|ARM.Build.0 = Release|ARM
		{30E502EA-8871-4932-84F7-8B30B490D62F}.Release|x64.ActiveCfg = Release|x64
		{30E502EA-8871-4932-84F7-8B30B490D62F}.Release|x64.Build.0 = Release|x64
		{30E502EA-8871-4932-84F7-8B30B490D62F}.Release|x86.ActiveCfg = Release|x86
		{30E502EA-8871-4932-84F7-8B30B490D62F}.Release|x86.Build.0 = Release|x86
		{433E3311-9B3D-48DD-97D2-220DD9BA7993}.Debug|Any CPU.ActiveCfg = Debug|Any CPU
		{433E3311-9B3D-48DD-97D2-220DD9BA7993}.Debug|Any CPU.Build.0 = Debug|Any CPU
		{433E3311-9B3D-48DD-97D2-220DD9BA7993}.Debug|ARM.ActiveCfg = Debug|ARM
		{433E3311-9B3D-48DD-97D2-220DD9BA7993}.Debug|ARM.Build.0 = Debug|ARM
		{433E3311-9B3D-48DD-97D2-220DD9BA7993}.Debug|x64.ActiveCfg = Debug|x64
		{433E3311-9B3D-48DD-97D2-220DD9BA7993}.Debug|x64.Build.0 = Debug|x64
		{433E3311-9B3D-48DD-97D2-220DD9BA7993}.Debug|x86.ActiveCfg = Debug|x86
		{433E3311-9B3D-48DD-97D2-220DD9BA7993}.Debug|x86.Build.0 = Debug|x86
		{433E3311-9B3D-48DD-97D2-220DD9BA7993}.Release|Any CPU.ActiveCfg = Release|Any CPU
		{433E3311-9B3D-48DD-97D2-220DD9BA7993}.Release|Any CPU.Build.0 = Release|Any CPU
		{433E3311-9B3D-48DD-97D2-220DD9BA7993}.Release|ARM.ActiveCfg = Release|ARM
		{433E3311-9B3D-48DD-97D2-220DD9BA7993}.Release|ARM.Build.0 = Release|ARM
		{433E3311-9B3D-48DD-97D2-220DD9BA7993}.Release|x64.ActiveCfg = Release|x64
		{433E3311-9B3D-48DD-97D2-220DD9BA7993}.Release|x64.Build.0 = Release|x64
		{433E3311-9B3D-48DD-97D2-220DD9BA7993}.Release|x86.ActiveCfg = Release|x86
		{433E3311-9B3D-48DD-97D2-220DD9BA7993}.Release|x86.Build.0 = Release|x86
		{B4620D17-CAA0-4F62-AD02-812B7254F6AE}.Debug|Any CPU.ActiveCfg = Debug|Any CPU
		{B4620D17-CAA0-4F62-AD02-812B7254F6AE}.Debug|Any CPU.Build.0 = Debug|Any CPU
		{B4620D17-CAA0-4F62-AD02-812B7254F6AE}.Debug|ARM.ActiveCfg = Debug|Any CPU
		{B4620D17-CAA0-4F62-AD02-812B7254F6AE}.Debug|ARM.Build.0 = Debug|Any CPU
		{B4620D17-CAA0-4F62-AD02-812B7254F6AE}.Debug|x64.ActiveCfg = Debug|Any CPU
		{B4620D17-CAA0-4F62-AD02-812B7254F6AE}.Debug|x64.Build.0 = Debug|Any CPU
		{B4620D17-CAA0-4F62-AD02-812B7254F6AE}.Debug|x86.ActiveCfg = Debug|Any CPU
		{B4620D17-CAA0-4F62-AD02-812B7254F6AE}.Debug|x86.Build.0 = Debug|Any CPU
		{B4620D17-CAA0-4F62-AD02-812B7254F6AE}.Release|Any CPU.ActiveCfg = Release|Any CPU
		{B4620D17-CAA0-4F62-AD02-812B7254F6AE}.Release|Any CPU.Build.0 = Release|Any CPU
		{B4620D17-CAA0-4F62-AD02-812B7254F6AE}.Release|ARM.ActiveCfg = Release|Any CPU
		{B4620D17-CAA0-4F62-AD02-812B7254F6AE}.Release|ARM.Build.0 = Release|Any CPU
		{B4620D17-CAA0-4F62-AD02-812B7254F6AE}.Release|x64.ActiveCfg = Release|Any CPU
		{B4620D17-CAA0-4F62-AD02-812B7254F6AE}.Release|x64.Build.0 = Release|Any CPU
		{B4620D17-CAA0-4F62-AD02-812B7254F6AE}.Release|x86.ActiveCfg = Release|Any CPU
		{B4620D17-CAA0-4F62-AD02-812B7254F6AE}.Release|x86.Build.0 = Release|Any CPU
		{EE23228F-DC50-4C25-BBC3-5C11D8E29C32}.Debug|Any CPU.ActiveCfg = Debug|Any CPU
		{EE23228F-DC50-4C25-BBC3-5C11D8E29C32}.Debug|Any CPU.Build.0 = Debug|Any CPU
		{EE23228F-DC50-4C25-BBC3-5C11D8E29C32}.Debug|ARM.ActiveCfg = Debug|Any CPU
		{EE23228F-DC50-4C25-BBC3-5C11D8E29C32}.Debug|ARM.Build.0 = Debug|Any CPU
		{EE23228F-DC50-4C25-BBC3-5C11D8E29C32}.Debug|x64.ActiveCfg = Debug|Any CPU
		{EE23228F-DC50-4C25-BBC3-5C11D8E29C32}.Debug|x64.Build.0 = Debug|Any CPU
		{EE23228F-DC50-4C25-BBC3-5C11D8E29C32}.Debug|x86.ActiveCfg = Debug|Any CPU
		{EE23228F-DC50-4C25-BBC3-5C11D8E29C32}.Debug|x86.Build.0 = Debug|Any CPU
		{EE23228F-DC50-4C25-BBC3-5C11D8E29C32}.Release|Any CPU.ActiveCfg = Release|Any CPU
		{EE23228F-DC50-4C25-BBC3-5C11D8E29C32}.Release|Any CPU.Build.0 = Release|Any CPU
		{EE23228F-DC50-4C25-BBC3-5C11D8E29C32}.Release|ARM.ActiveCfg = Release|Any CPU
		{EE23228F-DC50-4C25-BBC3-5C11D8E29C32}.Release|ARM.Build.0 = Release|Any CPU
		{EE23228F-DC50-4C25-BBC3-5C11D8E29C32}.Release|x64.ActiveCfg = Release|Any CPU
		{EE23228F-DC50-4C25-BBC3-5C11D8E29C32}.Release|x64.Build.0 = Release|Any CPU
		{EE23228F-DC50-4C25-BBC3-5C11D8E29C32}.Release|x86.ActiveCfg = Release|Any CPU
		{EE23228F-DC50-4C25-BBC3-5C11D8E29C32}.Release|x86.Build.0 = Release|Any CPU
		{1339F9E9-C749-44DB-A5B1-17041AC0E7B6}.Debug|Any CPU.ActiveCfg = Debug|Any CPU
		{1339F9E9-C749-44DB-A5B1-17041AC0E7B6}.Debug|Any CPU.Build.0 = Debug|Any CPU
		{1339F9E9-C749-44DB-A5B1-17041AC0E7B6}.Debug|ARM.ActiveCfg = Debug|Any CPU
		{1339F9E9-C749-44DB-A5B1-17041AC0E7B6}.Debug|ARM.Build.0 = Debug|Any CPU
		{1339F9E9-C749-44DB-A5B1-17041AC0E7B6}.Debug|x64.ActiveCfg = Debug|Any CPU
		{1339F9E9-C749-44DB-A5B1-17041AC0E7B6}.Debug|x64.Build.0 = Debug|Any CPU
		{1339F9E9-C749-44DB-A5B1-17041AC0E7B6}.Debug|x86.ActiveCfg = Debug|Any CPU
		{1339F9E9-C749-44DB-A5B1-17041AC0E7B6}.Debug|x86.Build.0 = Debug|Any CPU
		{1339F9E9-C749-44DB-A5B1-17041AC0E7B6}.Release|Any CPU.ActiveCfg = Release|Any CPU
		{1339F9E9-C749-44DB-A5B1-17041AC0E7B6}.Release|Any CPU.Build.0 = Release|Any CPU
		{1339F9E9-C749-44DB-A5B1-17041AC0E7B6}.Release|ARM.ActiveCfg = Release|Any CPU
		{1339F9E9-C749-44DB-A5B1-17041AC0E7B6}.Release|ARM.Build.0 = Release|Any CPU
		{1339F9E9-C749-44DB-A5B1-17041AC0E7B6}.Release|x64.ActiveCfg = Release|Any CPU
		{1339F9E9-C749-44DB-A5B1-17041AC0E7B6}.Release|x64.Build.0 = Release|Any CPU
		{1339F9E9-C749-44DB-A5B1-17041AC0E7B6}.Release|x86.ActiveCfg = Release|Any CPU
		{1339F9E9-C749-44DB-A5B1-17041AC0E7B6}.Release|x86.Build.0 = Release|Any CPU
	EndGlobalSection
	GlobalSection(SolutionProperties) = preSolution
		HideSolutionNode = FALSE
	EndGlobalSection
EndGlobal
